
Microsoft Visual Studio Solution File, Format Version 12.00
# Visual Studio 15
VisualStudioVersion = 15.0.26403.0
MinimumVisualStudioVersion = 10.0.40219.1
Project("{FAE04EC0-301F-11D3-BF4B-00C04F79EFBC}") = "WebTestMVC", "WebTestMVC\WebTestMVC.csproj", "{8F78E194-6780-414A-A463-D99FB6BD7544}"
EndProject
Project("{FAE04EC0-301F-11D3-BF4B-00C04F79EFBC}") = "WebTestMVC.Tests", "WebTestMVC.Tests\WebTestMVC.Tests.csproj", "{A55B2944-BE06-4D6A-AA1F-7097619273BE}"
EndProject
Global
	GlobalSection(SolutionConfigurationPlatforms) = preSolution
		Debug|Any CPU = Debug|Any CPU
		Release|Any CPU = Release|Any CPU
	EndGlobalSection
	GlobalSection(ProjectConfigurationPlatforms) = postSolution
		{8F78E194-6780-414A-A463-D99FB6BD7544}.Debug|Any CPU.ActiveCfg = Debug|Any CPU
		{8F78E194-6780-414A-A463-D99FB6BD7544}.Debug|Any CPU.Build.0 = Debug|Any CPU
		{8F78E194-6780-414A-A463-D99FB6BD7544}.Release|Any CPU.ActiveCfg = Release|Any CPU
		{8F78E194-6780-414A-A463-D99FB6BD7544}.Release|Any CPU.Build.0 = Release|Any CPU
		{A55B2944-BE06-4D6A-AA1F-7097619273BE}.Debug|Any CPU.ActiveCfg = Debug|Any CPU
		{A55B2944-BE06-4D6A-AA1F-7097619273BE}.Debug|Any CPU.Build.0 = Debug|Any CPU
		{A55B2944-BE06-4D6A-AA1F-7097619273BE}.Release|Any CPU.ActiveCfg = Release|Any CPU
		{A55B2944-BE06-4D6A-AA1F-7097619273BE}.Release|Any CPU.Build.0 = Release|Any CPU
	EndGlobalSection
	GlobalSection(SolutionProperties) = preSolution
		HideSolutionNode = FALSE
	EndGlobalSection
EndGlobal
